
Microsoft Visual Studio Solution File, Format Version 12.00
# Visual Studio Version 17
VisualStudioVersion = 17.0.31903.59
MinimumVisualStudioVersion = 10.0.40219.1
Project("{FAE04EC0-301F-11D3-BF4B-00C04F79EFBC}") = "Payroll.Tests", "Payroll.Tests\Payroll.Tests.csproj", "{DEE426C9-ABC6-434B-975B-57D1AFAF357E}"
EndProject
Project("{2150E333-8FDC-42A3-9474-1A3956D46DE8}") = "src", "src", "{FF814C8C-2C68-4CFA-BA13-22F8008E76E3}"
EndProject
Project("{FAE04EC0-301F-11D3-BF4B-00C04F79EFBC}") = "Payroll.API", "src\Payroll.API\Payroll.API.csproj", "{B869CD6D-4993-4B65-8A89-7CA288C88BD5}"
EndProject
Global
	GlobalSection(SolutionConfigurationPlatforms) = preSolution
		Debug|Any CPU = Debug|Any CPU
		Release|Any CPU = Release|Any CPU
	EndGlobalSection
	GlobalSection(ProjectConfigurationPlatforms) = postSolution
		{DEE426C9-ABC6-434B-975B-57D1AFAF357E}.Debug|Any CPU.ActiveCfg = Debug|Any CPU
		{DEE426C9-ABC6-434B-975B-57D1AFAF357E}.Debug|Any CPU.Build.0 = Debug|Any CPU
		{DEE426C9-ABC6-434B-975B-57D1AFAF357E}.Release|Any CPU.ActiveCfg = Release|Any CPU
		{DEE426C9-ABC6-434B-975B-57D1AFAF357E}.Release|Any CPU.Build.0 = Release|Any CPU
		{B869CD6D-4993-4B65-8A89-7CA288C88BD5}.Debug|Any CPU.ActiveCfg = Debug|Any CPU
		{B869CD6D-4993-4B65-8A89-7CA288C88BD5}.Debug|Any CPU.Build.0 = Debug|Any CPU
		{B869CD6D-4993-4B65-8A89-7CA288C88BD5}.Release|Any CPU.ActiveCfg = Release|Any CPU
		{B869CD6D-4993-4B65-8A89-7CA288C88BD5}.Release|Any CPU.Build.0 = Release|Any CPU
	EndGlobalSection
	GlobalSection(SolutionProperties) = preSolution
		HideSolutionNode = FALSE
	EndGlobalSection
	GlobalSection(NestedProjects) = preSolution
		{B869CD6D-4993-4B65-8A89-7CA288C88BD5} = {FF814C8C-2C68-4CFA-BA13-22F8008E76E3}
	EndGlobalSection
EndGlobal
